
Microsoft Visual Studio Solution File, Format Version 12.00
# Visual Studio Version 17
VisualStudioVersion = 17.11.35303.130
MinimumVisualStudioVersion = 10.0.40219.1
Project("{9A19103F-16F7-4668-BE54-9A1E7A4F7556}") = "9BitPaletteConverter", "9BitPaletteConverter.csproj", "{C47CC932-AAB4-4DDC-B2E3-6B604E05E237}"
EndProject
Global
	GlobalSection(SolutionConfigurationPlatforms) = preSolution
		Debug|Any CPU = Debug|Any CPU
		Release|Any CPU = Release|Any CPU
	EndGlobalSection
	GlobalSection(ProjectConfigurationPlatforms) = postSolution
		{C47CC932-AAB4-4DDC-B2E3-6B604E05E237}.Debug|Any CPU.ActiveCfg = Debug|Any CPU
		{C47CC932-AAB4-4DDC-B2E3-6B604E05E237}.Debug|Any CPU.Build.0 = Debug|Any CPU
		{C47CC932-AAB4-4DDC-B2E3-6B604E05E237}.Release|Any CPU.ActiveCfg = Release|Any CPU
		{C47CC932-AAB4-4DDC-B2E3-6B604E05E237}.Release|Any CPU.Build.0 = Release|Any CPU
	EndGlobalSection
	GlobalSection(SolutionProperties) = preSolution
		HideSolutionNode = FALSE
	EndGlobalSection
	GlobalSection(ExtensibilityGlobals) = postSolution
		SolutionGuid = {6A3BA56D-5BDD-422F-857F-89AE2E1682AC}
	EndGlobalSection
EndGlobal
